// !$*UTF8*$!
{
	archiveVersion = 1;
	classes = {
	};
	objectVersion = 46;
	objects = {

/* Begin PBXBuildFile section */
		8838D0601A4C1BB8008D3CFC /* AppDelegate.swift in Sources */ = {isa = PBXBuildFile; fileRef = 8838D05F1A4C1BB8008D3CFC /* AppDelegate.swift */; };
		8838D0621A4C1BB8008D3CFC /* ViewController.swift in Sources */ = {isa = PBXBuildFile; fileRef = 8838D0611A4C1BB8008D3CFC /* ViewController.swift */; };
		8838D0651A4C1BB8008D3CFC /* Main.storyboard in Resources */ = {isa = PBXBuildFile; fileRef = 8838D0631A4C1BB8008D3CFC /* Main.storyboard */; };
		8838D0671A4C1BB8008D3CFC /* Images.xcassets in Resources */ = {isa = PBXBuildFile; fileRef = 8838D0661A4C1BB8008D3CFC /* Images.xcassets */; };
		8838D06A1A4C1BB8008D3CFC /* LaunchScreen.xib in Resources */ = {isa = PBXBuildFile; fileRef = 8838D0681A4C1BB8008D3CFC /* LaunchScreen.xib */; };
		8838D0761A4C1BB8008D3CFC /* GitHubExampleTests.swift in Sources */ = {isa = PBXBuildFile; fileRef = 8838D0751A4C1BB8008D3CFC /* GitHubExampleTests.swift */; };
/* End PBXBuildFile section */

/* Begin PBXContainerItemProxy section */
		8838D0701A4C1BB8008D3CFC /* PBXContainerItemProxy */ = {
			isa = PBXContainerItemProxy;
			containerPortal = 8838D0521A4C1BB8008D3CFC /* Project object */;
			proxyType = 1;
			remoteGlobalIDString = 8838D0591A4C1BB8008D3CFC;
			remoteInfo = GitHubExample;
		};
/* End PBXContainerItemProxy section */

/* Begin PBXFileReference section */
		8838D05A1A4C1BB8008D3CFC /* GitHubExample.app */ = {isa = PBXFileReference; explicitFileType = wrapper.application; includeInIndex = 0; path = GitHubExample.app; sourceTree = BUILT_PRODUCTS_DIR; };
		8838D05E1A4C1BB8008D3CFC /* Info.plist */ = {isa = PBXFileReference; lastKnownFileType = text.plist.xml; path = Info.plist; sourceTree = "<group>"; };
		8838D05F1A4C1BB8008D3CFC /* AppDelegate.swift */ = {isa = PBXFileReference; lastKnownFileType = sourcecode.swift; path = AppDelegate.swift; sourceTree = "<group>"; };
		8838D0611A4C1BB8008D3CFC /* ViewController.swift */ = {isa = PBXFileReference; lastKnownFileType = sourcecode.swift; path = ViewController.swift; sourceTree = "<group>"; };
		8838D0641A4C1BB8008D3CFC /* Base */ = {isa = PBXFileReference; lastKnownFileType = file.storyboard; name = Base; path = Base.lproj/Main.storyboard; sourceTree = "<group>"; };
		8838D0661A4C1BB8008D3CFC /* Images.xcassets */ = {isa = PBXFileReference; lastKnownFileType = folder.assetcatalog; path = Images.xcassets; sourceTree = "<group>"; };
		8838D0691A4C1BB8008D3CFC /* Base */ = {isa = PBXFileReference; lastKnownFileType = file.xib; name = Base; path = Base.lproj/LaunchScreen.xib; sourceTree = "<group>"; };
		8838D06F1A4C1BB8008D3CFC /* GitHubExampleTests.xctest */ = {isa = PBXFileReference; explicitFileType = wrapper.cfbundle; includeInIndex = 0; path = GitHubExampleTests.xctest; sourceTree = BUILT_PRODUCTS_DIR; };
		8838D0741A4C1BB8008D3CFC /* Info.plist */ = {isa = PBXFileReference; lastKnownFileType = text.plist.xml; path = Info.plist; sourceTree = "<group>"; };
		8838D0751A4C1BB8008D3CFC /* GitHubExampleTests.swift */ = {isa = PBXFileReference; lastKnownFileType = sourcecode.swift; path = GitHubExampleTests.swift; sourceTree = "<group>"; };
/* End PBXFileReference section */

/* Begin PBXFrameworksBuildPhase section */
		8838D0571A4C1BB8008D3CFC /* Frameworks */ = {
			isa = PBXFrameworksBuildPhase;
			buildActionMask = 2147483647;
			files = (
			);
			runOnlyForDeploymentPostprocessing = 0;
		};
		8838D06C1A4C1BB8008D3CFC /* Frameworks */ = {
			isa = PBXFrameworksBuildPhase;
			buildActionMask = 2147483647;
			files = (
			);
			runOnlyForDeploymentPostprocessing = 0;
		};
/* End PBXFrameworksBuildPhase section */

/* Begin PBXGroup section */
		8838D0511A4C1BB8008D3CFC = {
			isa = PBXGroup;
			children = (
				8838D05C1A4C1BB8008D3CFC /* GitHubExample */,
				8838D0721A4C1BB8008D3CFC /* GitHubExampleTests */,
				8838D05B1A4C1BB8008D3CFC /* Products */,
			);
			sourceTree = "<group>";
		};
		8838D05B1A4C1BB8008D3CFC /* Products */ = {
			isa = PBXGroup;
			children = (
				8838D05A1A4C1BB8008D3CFC /* GitHubExample.app */,
				8838D06F1A4C1BB8008D3CFC /* GitHubExampleTests.xctest */,
			);
			name = Products;
			sourceTree = "<group>";
		};
		8838D05C1A4C1BB8008D3CFC /* GitHubExample */ = {
			isa = PBXGroup;
			children = (
				8838D05F1A4C1BB8008D3CFC /* AppDelegate.swift */,
				8838D0611A4C1BB8008D3CFC /* ViewController.swift */,
				8838D0631A4C1BB8008D3CFC /* Main.storyboard */,
				8838D0661A4C1BB8008D3CFC /* Images.xcassets */,
				8838D0681A4C1BB8008D3CFC /* LaunchScreen.xib */,
				8838D05D1A4C1BB8008D3CFC /* Supporting Files */,
			);
			path = GitHubExample;
			sourceTree = "<group>";
		};
		8838D05D1A4C1BB8008D3CFC /* Supporting Files */ = {
			isa = PBXGroup;
			children = (
				8838D05E1A4C1BB8008D3CFC /* Info.plist */,
			);
			name = "Supporting Files";
			sourceTree = "<group>";
		};
		8838D0721A4C1BB8008D3CFC /* GitHubExampleTests */ = {
			isa = PBXGroup;
			children = (
				8838D0751A4C1BB8008D3CFC /* GitHubExampleTests.swift */,
				8838D0731A4C1BB8008D3CFC /* Supporting Files */,
			);
			path = GitHubExampleTests;
			sourceTree = "<group>";
		};
		8838D0731A4C1BB8008D3CFC /* Supporting Files */ = {
			isa = PBXGroup;
			children = (
				8838D0741A4C1BB8008D3CFC /* Info.plist */,
			);
			name = "Supporting Files";
			sourceTree = "<group>";
		};
/* End PBXGroup section */

/* Begin PBXNativeTarget section */
		8838D0591A4C1BB8008D3CFC /* GitHubExample */ = {
			isa = PBXNativeTarget;
			buildConfigurationList = 8838D0791A4C1BB8008D3CFC /* Build configuration list for PBXNativeTarget "GitHubExample" */;
			buildPhases = (
				8838D0561A4C1BB8008D3CFC /* Sources */,
				8838D0571A4C1BB8008D3CFC /* Frameworks */,
				8838D0581A4C1BB8008D3CFC /* Resources */,
			);
			buildRules = (
			);
			dependencies = (
			);
			name = GitHubExample;
			productName = GitHubExample;
			productReference = 8838D05A1A4C1BB8008D3CFC /* GitHubExample.app */;
			productType = "com.apple.product-type.application";
		};
		8838D06E1A4C1BB8008D3CFC /* GitHubExampleTests */ = {
			isa = PBXNativeTarget;
			buildConfigurationList = 8838D07C1A4C1BB8008D3CFC /* Build configuration list for PBXNativeTarget "GitHubExampleTests" */;
			buildPhases = (
				8838D06B1A4C1BB8008D3CFC /* Sources */,
				8838D06C1A4C1BB8008D3CFC /* Frameworks */,
				8838D06D1A4C1BB8008D3CFC /* Resources */,
			);
			buildRules = (
			);
			dependencies = (
				8838D0711A4C1BB8008D3CFC /* PBXTargetDependency */,
			);
			name = GitHubExampleTests;
			productName = GitHubExampleTests;
			productReference = 8838D06F1A4C1BB8008D3CFC /* GitHubExampleTests.xctest */;
			productType = "com.apple.product-type.bundle.unit-test";
		};
/* End PBXNativeTarget section */

/* Begin PBXProject section */
		8838D0521A4C1BB8008D3CFC /* Project object */ = {
			isa = PBXProject;
			attributes = {
				LastUpgradeCheck = 0610;
				ORGANIZATIONNAME = "Peleg Aran";
				TargetAttributes = {
					8838D0591A4C1BB8008D3CFC = {
						CreatedOnToolsVersion = 6.1.1;
					};
					8838D06E1A4C1BB8008D3CFC = {
						CreatedOnToolsVersion = 6.1.1;
						TestTargetID = 8838D0591A4C1BB8008D3CFC;
					};
				};
			};
			buildConfigurationList = 8838D0551A4C1BB8008D3CFC /* Build configuration list for PBXProject "GitHubExample" */;
			compatibilityVersion = "Xcode 3.2";
			developmentRegion = English;
			hasScannedForEncodings = 0;
			knownRegions = (
				en,
				Base,
			);
			mainGroup = 8838D0511A4C1BB8008D3CFC;
			productRefGroup = 8838D05B1A4C1BB8008D3CFC /* Products */;
			projectDirPath = "";
			projectRoot = "";
			targets = (
				8838D0591A4C1BB8008D3CFC /* GitHubExample */,
				8838D06E1A4C1BB8008D3CFC /* GitHubExampleTests */,
			);
		};
/* End PBXProject section */

/* Begin PBXResourcesBuildPhase section */
		8838D0581A4C1BB8008D3CFC /* Resources */ = {
			isa = PBXResourcesBuildPhase;
			buildActionMask = 2147483647;
			files = (
				8838D0651A4C1BB8008D3CFC /* Main.storyboard in Resources */,
				8838D06A1A4C1BB8008D3CFC /* LaunchScreen.xib in Resources */,
				8838D0671A4C1BB8008D3CFC /* Images.xcassets in Resources */,
			);
			runOnlyForDeploymentPostprocessing = 0;
		};
		8838D06D1A4C1BB8008D3CFC /* Resources */ = {
			isa = PBXResourcesBuildPhase;
			buildActionMask = 2147483647;
			files = (
			);
			runOnlyForDeploymentPostprocessing = 0;
		};
/* End PBXResourcesBuildPhase section */

/* Begin PBXSourcesBuildPhase section */
		8838D0561A4C1BB8008D3CFC /* Sources */ = {
			isa = PBXSourcesBuildPhase;
			buildActionMask = 2147483647;
			files = (
				8838D0621A4C1BB8008D3CFC /* ViewController.swift in Sources */,
				8838D0601A4C1BB8008D3CFC /* AppDelegate.swift in Sources */,
			);
			runOnlyForDeploymentPostprocessing = 0;
		};
		8838D06B1A4C1BB8008D3CFC /* Sources */ = {
			isa = PBXSourcesBuildPhase;
			buildActionMask = 2147483647;
			files = (
				8838D0761A4C1BB8008D3CFC /* GitHubExampleTests.swift in Sources */,
			);
			runOnlyForDeploymentPostprocessing = 0;
		};
/* End PBXSourcesBuildPhase section */

/* Begin PBXTargetDependency section */
		8838D0711A4C1BB8008D3CFC /* PBXTargetDependency */ = {
			isa = PBXTargetDependency;
			target = 8838D0591A4C1BB8008D3CFC /* GitHubExample */;
			targetProxy = 8838D0701A4C1BB8008D3CFC /* PBXContainerItemProxy */;
		};
/* End PBXTargetDependency section */

/* Begin PBXVariantGroup section */
		8838D0631A4C1BB8008D3CFC /* Main.storyboard */ = {
			isa = PBXVariantGroup;
			children = (
				8838D0641A4C1BB8008D3CFC /* Base */,
			);
			name = Main.storyboard;
			sourceTree = "<group>";
		};
		8838D0681A4C1BB8008D3CFC /* LaunchScreen.xib */ = {
			isa = PBXVariantGroup;
			children = (
				8838D0691A4C1BB8008D3CFC /* Base */,
			);
			name = LaunchScreen.xib;
			sourceTree = "<group>";
		};
/* End PBXVariantGroup section */

/* Begin XCBuildConfiguration section */
		8838D0771A4C1BB8008D3CFC /* Debug */ = {
			isa = XCBuildConfiguration;
			buildSettings = {
				ALWAYS_SEARCH_USER_PATHS = NO;
				CLANG_CXX_LANGUAGE_STANDARD = "gnu++0x";
				CLANG_CXX_LIBRARY = "libc++";
				CLANG_ENABLE_MODULES = YES;
				CLANG_ENABLE_OBJC_ARC = YES;
				CLANG_WARN_BOOL_CONVERSION = YES;
				CLANG_WARN_CONSTANT_CONVERSION = YES;
				CLANG_WARN_DIRECT_OBJC_ISA_USAGE = YES_ERROR;
				CLANG_WARN_EMPTY_BODY = YES;
				CLANG_WARN_ENUM_CONVERSION = YES;
				CLANG_WARN_INT_CONVERSION = YES;
				CLANG_WARN_OBJC_ROOT_CLASS = YES_ERROR;
				CLANG_WARN_UNREACHABLE_CODE = YES;
				CLANG_WARN__DUPLICATE_METHOD_MATCH = YES;
				"CODE_SIGN_IDENTITY[sdk=iphoneos*]" = "iPhone Developer";
				COPY_PHASE_STRIP = NO;
				ENABLE_STRICT_OBJC_MSGSEND = YES;
				GCC_C_LANGUAGE_STANDARD = gnu99;
				GCC_DYNAMIC_NO_PIC = NO;
				GCC_OPTIMIZATION_LEVEL = 0;
				GCC_PREPROCESSOR_DEFINITIONS = (
					"DEBUG=1",
					"$(inherited)",
				);
				GCC_SYMBOLS_PRIVATE_EXTERN = NO;
				GCC_WARN_64_TO_32_BIT_CONVERSION = YES;
				GCC_WARN_ABOUT_RETURN_TYPE = YES_ERROR;
				GCC_WARN_UNDECLARED_SELECTOR = YES;
				GCC_WARN_UNINITIALIZED_AUTOS = YES_AGGRESSIVE;
				GCC_WARN_UNUSED_FUNCTION = YES;
				GCC_WARN_UNUSED_VARIABLE = YES;
				IPHONEOS_DEPLOYMENT_TARGET = 8.1;
				MTL_ENABLE_DEBUG_INFO = YES;
				ONLY_ACTIVE_ARCH = YES;
				SDKROOT = iphoneos;
				SWIFT_OPTIMIZATION_LEVEL = "-Onone";
			};
			name = Debug;
		};
		8838D0781A4C1BB8008D3CFC /* Release */ = {
			isa = XCBuildConfiguration;
			buildSettings = {
				ALWAYS_SEARCH_USER_PATHS = NO;
				CLANG_CXX_LANGUAGE_STANDARD = "gnu++0x";
				CLANG_CXX_LIBRARY = "libc++";
				CLANG_ENABLE_MODULES = YES;
				CLANG_ENABLE_OBJC_ARC = YES;
				CLANG_WARN_BOOL_CONVERSION = YES;
				CLANG_WARN_CONSTANT_CONVERSION = YES;
				CLANG_WARN_DIRECT_OBJC_ISA_USAGE = YES_ERROR;
				CLANG_WARN_EMPTY_BODY = YES;
				CLANG_WARN_ENUM_CONVERSION = YES;
				CLANG_WARN_INT_CONVERSION = YES;
				CLANG_WARN_OBJC_ROOT_CLASS = YES_ERROR;
				CLANG_WARN_UNREACHABLE_CODE = YES;
				CLANG_WARN__DUPLICATE_METHOD_MATCH = YES;
				"CODE_SIGN_IDENTITY[sdk=iphoneos*]" = "iPhone Developer";
				COPY_PHASE_STRIP = YES;
				ENABLE_NS_ASSERTIONS = NO;
				ENABLE_STRICT_OBJC_MSGSEND = YES;
				GCC_C_LANGUAGE_STANDARD = gnu99;
				GCC_WARN_64_TO_32_BIT_CONVERSION = YES;
				GCC_WARN_ABOUT_RETURN_TYPE = YES_ERROR;
				GCC_WARN_UNDECLARED_SELECTOR = YES;
				GCC_WARN_UNINITIALIZED_AUTOS = YES_AGGRESSIVE;
				GCC_WARN_UNUSED_FUNCTION = YES;
				GCC_WARN_UNUSED_VARIABLE = YES;
				IPHONEOS_DEPLOYMENT_TARGET = 8.1;
				MTL_ENABLE_DEBUG_INFO = NO;
				SDKROOT = iphoneos;
				VALIDATE_PRODUCT = YES;
			};
			name = Release;
		};
		8838D07A1A4C1BB8008D3CFC /* Debug */ = {
			isa = XCBuildConfiguration;
			buildSettings = {
				ASSETCATALOG_COMPILER_APPICON_NAME = AppIcon;
				INFOPLIST_FILE = GitHubExample/Info.plist;
				LD_RUNPATH_SEARCH_PATHS = "$(inherited) @executable_path/Frameworks";
				PRODUCT_NAME = "$(TARGET_NAME)";
			};
			name = Debug;
		};
		8838D07B1A4C1BB8008D3CFC /* Release */ = {
			isa = XCBuildConfiguration;
			buildSettings = {
				ASSETCATALOG_COMPILER_APPICON_NAME = AppIcon;
				INFOPLIST_FILE = GitHubExample/Info.plist;
				LD_RUNPATH_SEARCH_PATHS = "$(inherited) @executable_path/Frameworks";
				PRODUCT_NAME = "$(TARGET_NAME)";
			};
			name = Release;
		};
		8838D07D1A4C1BB8008D3CFC /* Debug */ = {
			isa = XCBuildConfiguration;
			buildSettings = {
				BUNDLE_LOADER = "$(TEST_HOST)";
				FRAMEWORK_SEARCH_PATHS = (
					"$(SDKROOT)/Developer/Library/Frameworks",
					"$(inherited)",
				);
				GCC_PREPROCESSOR_DEFINITIONS = (
					"DEBUG=1",
					"$(inherited)",
				);
				INFOPLIST_FILE = GitHubExampleTests/Info.plist;
				LD_RUNPATH_SEARCH_PATHS = "$(inherited) @executable_path/Frameworks @loader_path/Frameworks";
				PRODUCT_NAME = "$(TARGET_NAME)";
				TEST_HOST = "$(BUILT_PRODUCTS_DIR)/GitHubExample.app/GitHubExample";
			};
			name = Debug;
		};
		8838D07E1A4C1BB8008D3CFC /* Release */ = {
			isa = XCBuildConfiguration;
			buildSettings = {
				BUNDLE_LOADER = "$(TEST_HOST)";
				FRAMEWORK_SEARCH_PATHS = (
					"$(SDKROOT)/Developer/Library/Frameworks",
					"$(inherited)",
				);
				INFOPLIST_FILE = GitHubExampleTests/Info.plist;
				LD_RUNPATH_SEARCH_PATHS = "$(inherited) @executable_path/Frameworks @loader_path/Frameworks";
				PRODUCT_NAME = "$(TARGET_NAME)";
				TEST_HOST = "$(BUILT_PRODUCTS_DIR)/GitHubExample.app/GitHubExample";
			};
			name = Release;
		};
/* End XCBuildConfiguration section */

/* Begin XCConfigurationList section */
		8838D0551A4C1BB8008D3CFC /* Build configuration list for PBXProject "GitHubExample" */ = {
			isa = XCConfigurationList;
			buildConfigurations = (
				8838D0771A4C1BB8008D3CFC /* Debug */,
				8838D0781A4C1BB8008D3CFC /* Release */,
			);
			defaultConfigurationIsVisible = 0;
			defaultConfigurationName = Release;
		};
		8838D0791A4C1BB8008D3CFC /* Build configuration list for PBXNativeTarget "GitHubExample" */ = {
			isa = XCConfigurationList;
			buildConfigurations = (
				8838D07A1A4C1BB8008D3CFC /* Debug */,
				8838D07B1A4C1BB8008D3CFC /* Release */,
			);
			defaultConfigurationIsVisible = 0;
		};
		8838D07C1A4C1BB8008D3CFC /* Build configuration list for PBXNativeTarget "GitHubExampleTests" */ = {
			isa = XCConfigurationList;
			buildConfigurations = (
				8838D07D1A4C1BB8008D3CFC /* Debug */,
				8838D07E1A4C1BB8008D3CFC /* Release */,
			);
			defaultConfigurationIsVisible = 0;
		};
/* End XCConfigurationList section */
	};
	rootObject = 8838D0521A4C1BB8008D3CFC /* Project object */;
}
